<?xml version="1.0" encoding="utf-8"?>
<Project ToolsVersion="4.0" xmlns="http://schemas.microsoft.com/developer/msbuild/2003">
  <ItemGroup>
    <Filter Include="Core">
      <UniqueIdentifier>{b62d0a24-b6a1-4cb5-b6cf-033c5693e2e6}</UniqueIdentifier>
    </Filter>
    <Filter Include="Graphics">
      <UniqueIdentifier>{f01c0762-677e-41ca-b975-54b47404c631}</UniqueIdentifier>
    </Filter>
    <Filter Include="ThirdParty">
      <UniqueIdentifier>{d40db7ab-980d-4b53-81c7-6354c2bb5e68}</UniqueIdentifier>
    </Filter>
    <Filter Include="ThirdParty\ImGui">
      <UniqueIdentifier>{69f898de-9eeb-49ee-96eb-f9e04bf5f6bc}</UniqueIdentifier>
    </Filter>
    <Filter Include="Sandbox">
      <UniqueIdentifier>{a7df5f0b-26b8-4d9a-bd2b-fed5468bf0af}</UniqueIdentifier>
    </Filter>
    <Filter Include="Renderer">
      <UniqueIdentifier>{65a1a7be-55c6-4d43-8567-cfb46faba6a2}</UniqueIdentifier>
    </Filter>
    <Filter Include="Scene">
      <UniqueIdentifier>{88e758ee-0548-47db-9501-785f3527da00}</UniqueIdentifier>
    </Filter>
    <Filter Include="Scene\Components">
      <UniqueIdentifier>{55e47961-63be-4e8e-9849-4b9413a6def7}</UniqueIdentifier>
    </Filter>
    <Filter Include="Shader">
      <UniqueIdentifier>{64624f03-7447-4c01-ad03-d92d9d7013c3}</UniqueIdentifier>
    </Filter>
    <Filter Include="Resource">
      <UniqueIdentifier>{83405098-d49c-47df-bf94-b9884c79ce62}</UniqueIdentifier>
    </Filter>
    <Filter Include="ThirdParty\DirectXTex">
      <UniqueIdentifier>{09b5f360-bfcb-49eb-8529-76685faadbf3}</UniqueIdentifier>
    </Filter>
    <Filter Include="Input">
      <UniqueIdentifier>{6c62ed73-5797-41f0-aa0e-31d9e8df2f6e}</UniqueIdentifier>
    </Filter>
  </ItemGroup>
  <ItemGroup>
    <ClInclude Include="Source\ThirdParty\imgui\imconfig.h">
      <Filter>ThirdParty\ImGui</Filter>
    </ClInclude>
    <ClInclude Include="Source\ThirdParty\imgui\imgui.h">
      <Filter>ThirdParty\ImGui</Filter>
    </ClInclude>
    <ClInclude Include="Source\ThirdParty\imgui\imgui_impl_dx11.h">
      <Filter>ThirdParty\ImGui</Filter>
    </ClInclude>
    <ClInclude Include="Source\ThirdParty\imgui\imgui_impl_win32.h">
      <Filter>ThirdParty\ImGui</Filter>
    </ClInclude>
    <ClInclude Include="Source\ThirdParty\imgui\imgui_internal.h">
      <Filter>ThirdParty\ImGui</Filter>
    </ClInclude>
    <ClInclude Include="Source\ThirdParty\imgui\imstb_rectpack.h">
      <Filter>ThirdParty\ImGui</Filter>
    </ClInclude>
    <ClInclude Include="Source\ThirdParty\imgui\imstb_textedit.h">
      <Filter>ThirdParty\ImGui</Filter>
    </ClInclude>
    <ClInclude Include="Source\ThirdParty\imgui\imstb_truetype.h">
      <Filter>ThirdParty\ImGui</Filter>
    </ClInclude>
    <ClInclude Include="Source\Core\StringUtils.h">
      <Filter>Core</Filter>
    </ClInclude>
    <ClInclude Include="Source\Core\Window.h">
      <Filter>Core</Filter>
    </ClInclude>
    <ClInclude Include="Source\Graphics\Graphics.h">
      <Filter>Graphics</Filter>
    </ClInclude>
    <ClInclude Include="Source\Sandbox\Sandbox.h">
      <Filter>Sandbox</Filter>
    </ClInclude>
    <ClInclude Include="Source\Core\Object.h">
      <Filter>Core</Filter>
    </ClInclude>
    <ClInclude Include="Source\Core\Common.h">
      <Filter>Core</Filter>
    </ClInclude>
    <ClInclude Include="Source\Core\Math.h">
      <Filter>Core</Filter>
    </ClInclude>
    <ClInclude Include="Source\Core\Timer.h">
      <Filter>Core</Filter>
    </ClInclude>
    <ClInclude Include="Source\Core\Types.h">
      <Filter>Core</Filter>
    </ClInclude>
    <ClInclude Include="Source\Core\EventDispatcher.h">
      <Filter>Core</Filter>
    </ClInclude>
    <ClInclude Include="Source\ThirdParty\imgui\ImGuizmo.h">
      <Filter>ThirdParty\ImGui</Filter>
    </ClInclude>
    <ClInclude Include="Source\pch.h" />
    <ClInclude Include="Source\Graphics\ConstantBuffer.h">
      <Filter>Graphics</Filter>
    </ClInclude>
    <ClInclude Include="Source\Graphics\IndexBuffer.h">
      <Filter>Graphics</Filter>
    </ClInclude>
    <ClInclude Include="Source\Graphics\Vertex.h">
      <Filter>Graphics</Filter>
    </ClInclude>
    <ClInclude Include="Source\Graphics\VertexBuffer.h">
      <Filter>Graphics</Filter>
    </ClInclude>
    <ClInclude Include="Source\Shader\Shader.h">
      <Filter>Shader</Filter>
    </ClInclude>
    <ClInclude Include="Source\Shader\ShaderManager.h">
      <Filter>Shader</Filter>
    </ClInclude>
    <ClInclude Include="Source\Shader\ShaderProgram.h">
      <Filter>Shader</Filter>
    </ClInclude>
    <ClInclude Include="Source\Shader\InputLayout.h">
      <Filter>Shader</Filter>
    </ClInclude>
    <ClInclude Include="Source\Graphics\PipelineState.h">
      <Filter>Graphics</Filter>
    </ClInclude>
    <ClInclude Include="Source\Graphics\RenderPass.h">
      <Filter>Graphics</Filter>
    </ClInclude>
    <ClInclude Include="Source\Renderer\Renderer.h">
      <Filter>Renderer</Filter>
    </ClInclude>
    <ClInclude Include="Source\Scene\Scene.h">
      <Filter>Scene</Filter>
    </ClInclude>
    <ClInclude Include="Source\Scene\GameObject.h">
      <Filter>Scene</Filter>
    </ClInclude>
    <ClInclude Include="Source\Scene\Components\Component.h">
      <Filter>Scene\Components</Filter>
    </ClInclude>
    <ClInclude Include="Source\Scene\Components\Transform.h">
      <Filter>Scene\Components</Filter>
    </ClInclude>
    <ClInclude Include="Source\Scene\Components\Camera.h">
      <Filter>Scene\Components</Filter>
    </ClInclude>
    <ClInclude Include="Source\Scene\Components\MeshRenderer.h">
      <Filter>Scene\Components</Filter>
    </ClInclude>
    <ClInclude Include="Source\Scene\Components\Light.h">
      <Filter>Scene\Components</Filter>
    </ClInclude>
    <ClInclude Include="Source\Resource\Resource.h">
      <Filter>Resource</Filter>
    </ClInclude>
    <ClInclude Include="Source\Resource\Mesh.h">
      <Filter>Resource</Filter>
    </ClInclude>
    <ClInclude Include="Source\Resource\StaticMesh.h">
      <Filter>Resource</Filter>
    </ClInclude>
    <ClInclude Include="Source\Resource\ResourceDesc.h">
      <Filter>Resource</Filter>
    </ClInclude>
    <ClInclude Include="Source\Resource\ResourceManager.h">
      <Filter>Resource</Filter>
    </ClInclude>
    <ClInclude Include="Source\Resource\Preset.h">
      <Filter>Resource</Filter>
    </ClInclude>
    <ClInclude Include="Source\ThirdParty\DirectXTex\DirectXTex.h">
      <Filter>ThirdParty\DirectXTex</Filter>
    </ClInclude>
    <ClInclude Include="Source\ThirdParty\DirectXTex\DirectXTexP.h">
      <Filter>ThirdParty\DirectXTex</Filter>
    </ClInclude>
    <ClInclude Include="Source\ThirdParty\DirectXTex\filters.h">
      <Filter>ThirdParty\DirectXTex</Filter>
    </ClInclude>
    <ClInclude Include="Source\ThirdParty\DirectXTex\scoped.h">
      <Filter>ThirdParty\DirectXTex</Filter>
    </ClInclude>
    <ClInclude Include="Source\ThirdParty\DirectXTex\DDS.h">
      <Filter>ThirdParty\DirectXTex</Filter>
    </ClInclude>
    <ClInclude Include="Source\ThirdParty\DirectXTex\BC.h">
      <Filter>ThirdParty\DirectXTex</Filter>
    </ClInclude>
    <ClInclude Include="Source\ThirdParty\DirectXTex\BCDirectCompute.h">
      <Filter>ThirdParty\DirectXTex</Filter>
    </ClInclude>
    <ClInclude Include="Source\Resource\Texture.h">
      <Filter>Resource</Filter>
    </ClInclude>
    <ClInclude Include="Source\Resource\Texture2D.h">
      <Filter>Resource</Filter>
    </ClInclude>
    <ClInclude Include="Source\Resource\Material.h">
      <Filter>Resource</Filter>
    </ClInclude>
    <ClInclude Include="Source\Renderer\ShaderTypes.h">
      <Filter>Renderer</Filter>
    </ClInclude>
    <ClInclude Include="Source\Input\Input.h">
      <Filter>Input</Filter>
    </ClInclude>
  </ItemGroup>
  <ItemGroup>
    <ClCompile Include="Source\ThirdParty\imgui\imgui.cpp">
      <Filter>ThirdParty\ImGui</Filter>
    </ClCompile>
    <ClCompile Include="Source\ThirdParty\imgui\imgui_demo.cpp">
      <Filter>ThirdParty\ImGui</Filter>
    </ClCompile>
    <ClCompile Include="Source\ThirdParty\imgui\imgui_draw.cpp">
      <Filter>ThirdParty\ImGui</Filter>
    </ClCompile>
    <ClCompile Include="Source\ThirdParty\imgui\imgui_impl_dx11.cpp">
      <Filter>ThirdParty\ImGui</Filter>
    </ClCompile>
    <ClCompile Include="Source\ThirdParty\imgui\imgui_impl_win32.cpp">
      <Filter>ThirdParty\ImGui</Filter>
    </ClCompile>
    <ClCompile Include="Source\ThirdParty\imgui\imgui_tables.cpp">
      <Filter>ThirdParty\ImGui</Filter>
    </ClCompile>
    <ClCompile Include="Source\ThirdParty\imgui\imgui_widgets.cpp">
      <Filter>ThirdParty\ImGui</Filter>
    </ClCompile>
    <ClCompile Include="Source\Core\StringUtils.cpp">
      <Filter>Core</Filter>
    </ClCompile>
    <ClCompile Include="Source\Core\Window.cpp">
      <Filter>Core</Filter>
    </ClCompile>
    <ClCompile Include="Source\Graphics\Graphics.cpp">
      <Filter>Graphics</Filter>
    </ClCompile>
    <ClCompile Include="Source\Sandbox\Sandbox.cpp">
      <Filter>Sandbox</Filter>
    </ClCompile>
    <ClCompile Include="Source\Core\Math.cpp">
      <Filter>Core</Filter>
    </ClCompile>
    <ClCompile Include="Source\Core\Timer.cpp">
      <Filter>Core</Filter>
    </ClCompile>
    <ClCompile Include="Source\Core\EventDispatcher.cpp">
      <Filter>Core</Filter>
    </ClCompile>
    <ClCompile Include="Source\Sandbox\Main.cpp">
      <Filter>Sandbox</Filter>
    </ClCompile>
    <ClCompile Include="Source\ThirdParty\imgui\ImGuizmo.cpp">
      <Filter>ThirdParty\ImGui</Filter>
    </ClCompile>
    <ClCompile Include="Source\pch.cpp" />
    <ClCompile Include="Source\Graphics\ConstantBuffer.cpp">
      <Filter>Graphics</Filter>
    </ClCompile>
    <ClCompile Include="Source\Graphics\IndexBuffer.cpp">
      <Filter>Graphics</Filter>
    </ClCompile>
    <ClCompile Include="Source\Graphics\VertexBuffer.cpp">
      <Filter>Graphics</Filter>
    </ClCompile>
    <ClCompile Include="Source\Shader\Shader.cpp">
      <Filter>Shader</Filter>
    </ClCompile>
    <ClCompile Include="Source\Shader\ShaderManager.cpp">
      <Filter>Shader</Filter>
    </ClCompile>
    <ClCompile Include="Source\Shader\ShaderProgram.cpp">
      <Filter>Shader</Filter>
    </ClCompile>
    <ClCompile Include="Source\Renderer\Renderer.cpp">
      <Filter>Renderer</Filter>
    </ClCompile>
    <ClCompile Include="Source\Scene\Scene.cpp">
      <Filter>Scene</Filter>
    </ClCompile>
    <ClCompile Include="Source\Scene\GameObject.cpp">
      <Filter>Scene</Filter>
    </ClCompile>
    <ClCompile Include="Source\Scene\Components\Component.cpp">
      <Filter>Scene\Components</Filter>
    </ClCompile>
    <ClCompile Include="Source\Scene\Components\Transform.cpp">
      <Filter>Scene\Components</Filter>
    </ClCompile>
    <ClCompile Include="Source\Scene\Components\Camera.cpp">
      <Filter>Scene\Components</Filter>
    </ClCompile>
    <ClCompile Include="Source\Scene\Components\MeshRenderer.cpp">
      <Filter>Scene\Components</Filter>
    </ClCompile>
    <ClCompile Include="Source\Scene\Components\Light.cpp">
      <Filter>Scene\Components</Filter>
    </ClCompile>
    <ClCompile Include="Source\Resource\Resource.cpp">
      <Filter>Resource</Filter>
    </ClCompile>
    <ClCompile Include="Source\Resource\Mesh.cpp">
      <Filter>Resource</Filter>
    </ClCompile>
    <ClCompile Include="Source\Resource\StaticMesh.cpp">
      <Filter>Resource</Filter>
    </ClCompile>
    <ClCompile Include="Source\Resource\ResourceManager.cpp">
      <Filter>Resource</Filter>
    </ClCompile>
    <ClCompile Include="Source\Resource\Preset.cpp">
      <Filter>Resource</Filter>
    </ClCompile>
    <ClCompile Include="Source\ThirdParty\DirectXTex\DirectXTexD3D11.cpp">
      <Filter>ThirdParty\DirectXTex</Filter>
    </ClCompile>
    <ClCompile Include="Source\ThirdParty\DirectXTex\DirectXTexDDS.cpp">
      <Filter>ThirdParty\DirectXTex</Filter>
    </ClCompile>
    <ClCompile Include="Source\ThirdParty\DirectXTex\DirectXTexImage.cpp">
      <Filter>ThirdParty\DirectXTex</Filter>
    </ClCompile>
    <ClCompile Include="Source\ThirdParty\DirectXTex\DirectXTexMipmaps.cpp">
      <Filter>ThirdParty\DirectXTex</Filter>
    </ClCompile>
    <ClCompile Include="Source\ThirdParty\DirectXTex\DirectXTexTGA.cpp">
      <Filter>ThirdParty\DirectXTex</Filter>
    </ClCompile>
    <ClCompile Include="Source\ThirdParty\DirectXTex\DirectXTexUtil.cpp">
      <Filter>ThirdParty\DirectXTex</Filter>
    </ClCompile>
    <ClCompile Include="Source\ThirdParty\DirectXTex\DirectXTexWIC.cpp">
      <Filter>ThirdParty\DirectXTex</Filter>
    </ClCompile>
    <ClCompile Include="Source\ThirdParty\DirectXTex\DirectXTexConvert.cpp">
      <Filter>ThirdParty\DirectXTex</Filter>
    </ClCompile>
    <ClCompile Include="Source\ThirdParty\DirectXTex\DirectXTexCompress.cpp">
      <Filter>ThirdParty\DirectXTex</Filter>
    </ClCompile>
    <ClCompile Include="Source\ThirdParty\DirectXTex\DirectXTexFlipRotate.cpp">
      <Filter>ThirdParty\DirectXTex</Filter>
    </ClCompile>
    <ClCompile Include="Source\ThirdParty\DirectXTex\DirectXTexHDR.cpp">
      <Filter>ThirdParty\DirectXTex</Filter>
    </ClCompile>
    <ClCompile Include="Source\ThirdParty\DirectXTex\DirectXTexMisc.cpp">
      <Filter>ThirdParty\DirectXTex</Filter>
    </ClCompile>
    <ClCompile Include="Source\ThirdParty\DirectXTex\DirectXTexNormalMaps.cpp">
      <Filter>ThirdParty\DirectXTex</Filter>
    </ClCompile>
    <ClCompile Include="Source\ThirdParty\DirectXTex\DirectXTexPMAlpha.cpp">
      <Filter>ThirdParty\DirectXTex</Filter>
    </ClCompile>
    <ClCompile Include="Source\ThirdParty\DirectXTex\DirectXTexResize.cpp">
      <Filter>ThirdParty\DirectXTex</Filter>
    </ClCompile>
    <ClCompile Include="Source\ThirdParty\DirectXTex\BC.cpp">
      <Filter>ThirdParty\DirectXTex</Filter>
    </ClCompile>
    <ClCompile Include="Source\ThirdParty\DirectXTex\BC4BC5.cpp">
      <Filter>ThirdParty\DirectXTex</Filter>
    </ClCompile>
    <ClCompile Include="Source\ThirdParty\DirectXTex\BC6HBC7.cpp">
      <Filter>ThirdParty\DirectXTex</Filter>
    </ClCompile>
    <ClCompile Include="Source\Resource\Texture2D.cpp">
      <Filter>Resource</Filter>
    </ClCompile>
    <ClCompile Include="Source\Resource\Texture.cpp">
      <Filter>Resource</Filter>
    </ClCompile>
    <ClCompile Include="Source\Resource\Material.cpp">
      <Filter>Resource</Filter>
    </ClCompile>
    <ClCompile Include="Source\Input\Input.cpp">
      <Filter>Input</Filter>
    </ClCompile>
  </ItemGroup>
  <ItemGroup>
    <None Include="Source\ThirdParty\DirectXTex\DirectXTex.inl">
      <Filter>ThirdParty\DirectXTex</Filter>
    </None>
  </ItemGroup>
</Project>