<?xml version="1.0" encoding="utf-8"?>
<Project ToolsVersion="4.0" xmlns="http://schemas.microsoft.com/developer/msbuild/2003">
  <ItemGroup>
    <Filter Include="Core">
      <UniqueIdentifier>{b62d0a24-b6a1-4cb5-b6cf-033c5693e2e6}</UniqueIdentifier>
    </Filter>
    <Filter Include="External">
      <UniqueIdentifier>{06fd73a6-7054-4137-8c42-0a1b29474141}</UniqueIdentifier>
    </Filter>
    <Filter Include="External\ImGui">
      <UniqueIdentifier>{e520428b-0922-490c-a91f-27919b44f6bd}</UniqueIdentifier>
    </Filter>
    <Filter Include="Utilities">
      <UniqueIdentifier>{22a4e21e-e605-4587-9689-89e8b3288cad}</UniqueIdentifier>
    </Filter>
    <Filter Include="Graphics">
      <UniqueIdentifier>{f01c0762-677e-41ca-b975-54b47404c631}</UniqueIdentifier>
    </Filter>
    <Filter Include="Input">
      <UniqueIdentifier>{6c62ed73-5797-41f0-aa0e-31d9e8df2f6e}</UniqueIdentifier>
    </Filter>
    <Filter Include="Resource">
      <UniqueIdentifier>{83405098-d49c-47df-bf94-b9884c79ce62}</UniqueIdentifier>
    </Filter>
    <Filter Include="Sandbox">
      <UniqueIdentifier>{a7df5f0b-26b8-4d9a-bd2b-fed5468bf0af}</UniqueIdentifier>
    </Filter>
    <Filter Include="Scene">
      <UniqueIdentifier>{88e758ee-0548-47db-9501-785f3527da00}</UniqueIdentifier>
    </Filter>
    <Filter Include="Scene\Components">
      <UniqueIdentifier>{55e47961-63be-4e8e-9849-4b9413a6def7}</UniqueIdentifier>
    </Filter>
    <Filter Include="Rendering">
      <UniqueIdentifier>{65a1a7be-55c6-4d43-8567-cfb46faba6a2}</UniqueIdentifier>
    </Filter>
    <Filter Include="Shaders">
      <UniqueIdentifier>{ec76cee8-63ea-42fb-a2f5-2c54c27a644e}</UniqueIdentifier>
    </Filter>
  </ItemGroup>
  <ItemGroup>
    <ClInclude Include="Source\Core\Window.h">
      <Filter>Core</Filter>
    </ClInclude>
    <ClInclude Include="Source\Sandbox\Sandbox.h">
      <Filter>Sandbox</Filter>
    </ClInclude>
    <ClInclude Include="Source\Core\Object.h">
      <Filter>Core</Filter>
    </ClInclude>
    <ClInclude Include="Source\Core\Common.h">
      <Filter>Core</Filter>
    </ClInclude>
    <ClInclude Include="Source\Core\Types.h">
      <Filter>Core</Filter>
    </ClInclude>
    <ClInclude Include="Source\pch.h" />
    <ClInclude Include="Source\Scene\Scene.h">
      <Filter>Scene</Filter>
    </ClInclude>
    <ClInclude Include="Source\Scene\GameObject.h">
      <Filter>Scene</Filter>
    </ClInclude>
    <ClInclude Include="Source\Scene\Components\Component.h">
      <Filter>Scene\Components</Filter>
    </ClInclude>
    <ClInclude Include="Source\Scene\Components\Transform.h">
      <Filter>Scene\Components</Filter>
    </ClInclude>
    <ClInclude Include="Source\Scene\Components\Camera.h">
      <Filter>Scene\Components</Filter>
    </ClInclude>
    <ClInclude Include="Source\Scene\Components\MeshRenderer.h">
      <Filter>Scene\Components</Filter>
    </ClInclude>
    <ClInclude Include="Source\Scene\Components\Light.h">
      <Filter>Scene\Components</Filter>
    </ClInclude>
    <ClInclude Include="Source\Input\Input.h">
      <Filter>Input</Filter>
    </ClInclude>
    <ClInclude Include="Source\Core\Engine.h">
      <Filter>Core</Filter>
    </ClInclude>
    <ClInclude Include="External\imgui\imconfig.h">
      <Filter>External\ImGui</Filter>
    </ClInclude>
    <ClInclude Include="External\imgui\imgui.h">
      <Filter>External\ImGui</Filter>
    </ClInclude>
    <ClInclude Include="External\imgui\imgui_impl_dx11.h">
      <Filter>External\ImGui</Filter>
    </ClInclude>
    <ClInclude Include="External\imgui\imgui_impl_win32.h">
      <Filter>External\ImGui</Filter>
    </ClInclude>
    <ClInclude Include="External\imgui\imgui_internal.h">
      <Filter>External\ImGui</Filter>
    </ClInclude>
    <ClInclude Include="External\imgui\ImGuizmo.h">
      <Filter>External\ImGui</Filter>
    </ClInclude>
    <ClInclude Include="External\imgui\imstb_rectpack.h">
      <Filter>External\ImGui</Filter>
    </ClInclude>
    <ClInclude Include="External\imgui\imstb_textedit.h">
      <Filter>External\ImGui</Filter>
    </ClInclude>
    <ClInclude Include="External\imgui\imstb_truetype.h">
      <Filter>External\ImGui</Filter>
    </ClInclude>
    <ClInclude Include="Source\Utilities\EventDispatcher.h">
      <Filter>Utilities</Filter>
    </ClInclude>
    <ClInclude Include="Source\Utilities\FileUtils.h">
      <Filter>Utilities</Filter>
    </ClInclude>
    <ClInclude Include="Source\Utilities\StringUtils.h">
      <Filter>Utilities</Filter>
    </ClInclude>
    <ClInclude Include="Source\Utilities\Timer.h">
      <Filter>Utilities</Filter>
    </ClInclude>
    <ClInclude Include="Source\Utilities\Math.h">
      <Filter>Utilities</Filter>
    </ClInclude>
    <ClInclude Include="Source\Utilities\Delegate.h">
      <Filter>Utilities</Filter>
    </ClInclude>
    <ClInclude Include="Source\Sandbox\ImGuiManager.h">
      <Filter>Sandbox</Filter>
    </ClInclude>
    <ClInclude Include="Source\Graphics\Graphics.h">
      <Filter>Graphics</Filter>
    </ClInclude>
    <ClInclude Include="Source\Graphics\ConstantBuffer.h">
      <Filter>Graphics</Filter>
    </ClInclude>
    <ClInclude Include="Source\Graphics\Geometry.h">
      <Filter>Graphics</Filter>
    </ClInclude>
    <ClInclude Include="Source\Graphics\IndexBuffer.h">
      <Filter>Graphics</Filter>
    </ClInclude>
    <ClInclude Include="Source\Graphics\InputLayout.h">
      <Filter>Graphics</Filter>
    </ClInclude>
    <ClInclude Include="Source\Graphics\PipelineState.h">
      <Filter>Graphics</Filter>
    </ClInclude>
    <ClInclude Include="Source\Graphics\Shader.h">
      <Filter>Graphics</Filter>
    </ClInclude>
    <ClInclude Include="Source\Graphics\ConstantBufferDatas.h">
      <Filter>Graphics</Filter>
    </ClInclude>
    <ClInclude Include="Source\Graphics\VertexBuffer.h">
      <Filter>Graphics</Filter>
    </ClInclude>
    <ClInclude Include="Source\Resource\Resource.h">
      <Filter>Resource</Filter>
    </ClInclude>
    <ClInclude Include="Source\Graphics\ShaderProgram.h">
      <Filter>Graphics</Filter>
    </ClInclude>
    <ClInclude Include="Source\Rendering\Mesh.h">
      <Filter>Rendering</Filter>
    </ClInclude>
    <ClInclude Include="Source\Rendering\Renderer.h">
      <Filter>Rendering</Filter>
    </ClInclude>
    <ClInclude Include="Source\Rendering\ShaderManager.h">
      <Filter>Rendering</Filter>
    </ClInclude>
    <ClInclude Include="Source\Graphics\RenderTexture.h">
      <Filter>Graphics</Filter>
    </ClInclude>
    <ClInclude Include="Source\Rendering\TextureManager.h">
      <Filter>Rendering</Filter>
    </ClInclude>
    <ClInclude Include="Source\Rendering\Material.h">
      <Filter>Rendering</Filter>
    </ClInclude>
    <ClInclude Include="Source\Rendering\MeshManager.h">
      <Filter>Rendering</Filter>
    </ClInclude>
    <ClInclude Include="Source\Rendering\Preset.h">
      <Filter>Rendering</Filter>
    </ClInclude>
    <ClInclude Include="Source\Rendering\MaterialManager.h">
      <Filter>Rendering</Filter>
    </ClInclude>
    <ClInclude Include="Source\Graphics\RenderPass.h">
      <Filter>Graphics</Filter>
    </ClInclude>
    <ClInclude Include="Source\Graphics\StructuredBuffer.h">
      <Filter>Graphics</Filter>
    </ClInclude>
  </ItemGroup>
  <ItemGroup>
    <ClCompile Include="Source\Core\Window.cpp">
      <Filter>Core</Filter>
    </ClCompile>
    <ClCompile Include="Source\Sandbox\Sandbox.cpp">
      <Filter>Sandbox</Filter>
    </ClCompile>
    <ClCompile Include="Source\pch.cpp" />
    <ClCompile Include="Source\Scene\Scene.cpp">
      <Filter>Scene</Filter>
    </ClCompile>
    <ClCompile Include="Source\Scene\GameObject.cpp">
      <Filter>Scene</Filter>
    </ClCompile>
    <ClCompile Include="Source\Scene\Components\Component.cpp">
      <Filter>Scene\Components</Filter>
    </ClCompile>
    <ClCompile Include="Source\Scene\Components\Transform.cpp">
      <Filter>Scene\Components</Filter>
    </ClCompile>
    <ClCompile Include="Source\Scene\Components\Camera.cpp">
      <Filter>Scene\Components</Filter>
    </ClCompile>
    <ClCompile Include="Source\Scene\Components\MeshRenderer.cpp">
      <Filter>Scene\Components</Filter>
    </ClCompile>
    <ClCompile Include="Source\Scene\Components\Light.cpp">
      <Filter>Scene\Components</Filter>
    </ClCompile>
    <ClCompile Include="Source\Input\Input.cpp">
      <Filter>Input</Filter>
    </ClCompile>
    <ClCompile Include="Source\Core\Engine.cpp">
      <Filter>Core</Filter>
    </ClCompile>
    <ClCompile Include="External\imgui\imgui.cpp">
      <Filter>External\ImGui</Filter>
    </ClCompile>
    <ClCompile Include="External\imgui\imgui_demo.cpp">
      <Filter>External\ImGui</Filter>
    </ClCompile>
    <ClCompile Include="External\imgui\imgui_draw.cpp">
      <Filter>External\ImGui</Filter>
    </ClCompile>
    <ClCompile Include="External\imgui\imgui_impl_dx11.cpp">
      <Filter>External\ImGui</Filter>
    </ClCompile>
    <ClCompile Include="External\imgui\imgui_impl_win32.cpp">
      <Filter>External\ImGui</Filter>
    </ClCompile>
    <ClCompile Include="External\imgui\imgui_tables.cpp">
      <Filter>External\ImGui</Filter>
    </ClCompile>
    <ClCompile Include="External\imgui\imgui_widgets.cpp">
      <Filter>External\ImGui</Filter>
    </ClCompile>
    <ClCompile Include="External\imgui\ImGuizmo.cpp">
      <Filter>External\ImGui</Filter>
    </ClCompile>
    <ClCompile Include="Source\main.cpp" />
    <ClCompile Include="Source\Utilities\EventDispatcher.cpp">
      <Filter>Utilities</Filter>
    </ClCompile>
    <ClCompile Include="Source\Utilities\FileUtils.cpp">
      <Filter>Utilities</Filter>
    </ClCompile>
    <ClCompile Include="Source\Utilities\StringUtils.cpp">
      <Filter>Utilities</Filter>
    </ClCompile>
    <ClCompile Include="Source\Utilities\Timer.cpp">
      <Filter>Utilities</Filter>
    </ClCompile>
    <ClCompile Include="Source\Utilities\Math.cpp">
      <Filter>Utilities</Filter>
    </ClCompile>
    <ClCompile Include="Source\Sandbox\ImGuiManager.cpp">
      <Filter>Sandbox</Filter>
    </ClCompile>
    <ClCompile Include="Source\Graphics\Graphics.cpp">
      <Filter>Graphics</Filter>
    </ClCompile>
    <ClCompile Include="Source\Graphics\IndexBuffer.cpp">
      <Filter>Graphics</Filter>
    </ClCompile>
    <ClCompile Include="Source\Graphics\Shader.cpp">
      <Filter>Graphics</Filter>
    </ClCompile>
    <ClCompile Include="Source\Graphics\VertexBuffer.cpp">
      <Filter>Graphics</Filter>
    </ClCompile>
    <ClCompile Include="Source\Resource\Resource.cpp">
      <Filter>Resource</Filter>
    </ClCompile>
    <ClCompile Include="Source\Graphics\ShaderProgram.cpp">
      <Filter>Graphics</Filter>
    </ClCompile>
    <ClCompile Include="Source\Rendering\Mesh.cpp">
      <Filter>Rendering</Filter>
    </ClCompile>
    <ClCompile Include="Source\Rendering\Renderer.cpp">
      <Filter>Rendering</Filter>
    </ClCompile>
    <ClCompile Include="Source\Rendering\ShaderManager.cpp">
      <Filter>Rendering</Filter>
    </ClCompile>
    <ClCompile Include="Source\Graphics\InputLayout.cpp">
      <Filter>Graphics</Filter>
    </ClCompile>
    <ClCompile Include="Source\Graphics\RenderTexture.cpp">
      <Filter>Graphics</Filter>
    </ClCompile>
    <ClCompile Include="Source\Rendering\TextureManager.cpp">
      <Filter>Rendering</Filter>
    </ClCompile>
    <ClCompile Include="Source\Rendering\Material.cpp">
      <Filter>Rendering</Filter>
    </ClCompile>
    <ClCompile Include="Source\Rendering\MeshManager.cpp">
      <Filter>Rendering</Filter>
    </ClCompile>
    <ClCompile Include="Source\Rendering\Preset.cpp">
      <Filter>Rendering</Filter>
    </ClCompile>
    <ClCompile Include="Source\Rendering\MaterialManager.cpp">
      <Filter>Rendering</Filter>
    </ClCompile>
  </ItemGroup>
  <ItemGroup>
    <None Include="Source\Shaders\Constants.hlsli">
      <Filter>Shaders</Filter>
    </None>
    <None Include="Source\Shaders\Resources.hlsli">
      <Filter>Shaders</Filter>
    </None>
  </ItemGroup>
  <ItemGroup>
    <FxCompile Include="Source\Shaders\ResolveScene.hlsl">
      <Filter>Shaders</Filter>
    </FxCompile>
    <FxCompile Include="Source\Shaders\Skybox.hlsl">
      <Filter>Shaders</Filter>
    </FxCompile>
    <FxCompile Include="Source\Shaders\Test.hlsl">
      <Filter>Shaders</Filter>
    </FxCompile>
    <FxCompile Include="Source\Shaders\GBuffer.hlsl">
      <Filter>Shaders</Filter>
    </FxCompile>
    <FxCompile Include="Source\Shaders\DeferredLighting.hlsl">
      <Filter>Shaders</Filter>
    </FxCompile>
    <FxCompile Include="Source\Shaders\Picker.hlsl">
      <Filter>Shaders</Filter>
    </FxCompile>
  </ItemGroup>
</Project>